
Microsoft Visual Studio Solution File, Format Version 12.00
# Visual Studio Version 17
VisualStudioVersion = 17.9.34723.18
MinimumVisualStudioVersion = 10.0.40219.1
Project("{FAE04EC0-301F-11D3-BF4B-00C04F79EFBC}") = "ConexionDBMySqlWF", "ConexionDBMySqlWF\ConexionDBMySqlWF.csproj", "{2EE9EE8A-F7BE-4D93-9F37-83CF91C986C4}"
EndProject
Global
	GlobalSection(SolutionConfigurationPlatforms) = preSolution
		Debug|Any CPU = Debug|Any CPU
		Release|Any CPU = Release|Any CPU
	EndGlobalSection
	GlobalSection(ProjectConfigurationPlatforms) = postSolution
		{2EE9EE8A-F7BE-4D93-9F37-83CF91C986C4}.Debug|Any CPU.ActiveCfg = Debug|Any CPU
		{2EE9EE8A-F7BE-4D93-9F37-83CF91C986C4}.Debug|Any CPU.Build.0 = Debug|Any CPU
		{2EE9EE8A-F7BE-4D93-9F37-83CF91C986C4}.Release|Any CPU.ActiveCfg = Release|Any CPU
		{2EE9EE8A-F7BE-4D93-9F37-83CF91C986C4}.Release|Any CPU.Build.0 = Release|Any CPU
	EndGlobalSection
	GlobalSection(SolutionProperties) = preSolution
		HideSolutionNode = FALSE
	EndGlobalSection
	GlobalSection(ExtensibilityGlobals) = postSolution
		SolutionGuid = {4ED721B6-0AF3-4E60-80E7-52807D3896DE}
	EndGlobalSection
EndGlobal
